# This file was autogenerated by Stack.
# You should not edit this file by hand.
# For more information, please see the documentation at:
#   https://docs.haskellstack.org/en/stable/lock_files

packages:
- completed:
    name: aocCommon
    version: 3.1.1.0
    git: https://github.com/Entze/aocCommon.git
    pantry-tree:
      size: 1214
      sha256: 8f8a7b9d6877fae8c3719ada299dffcce8dadef4bd64b36afed43b67eb5368ad
    commit: 86f606d6eb7ce549b58cae432f47f70efeef74fa
  original:
    git: https://github.com/Entze/aocCommon.git
    commit: 86f606d6eb7ce549b58cae432f47f70efeef74fa
- completed:
    hackage: QuickCheck-2.14@sha256:3f536a4b86bef7ec39025f04ef8d76c5ac5a78ba0b42e660b25d0a8f9c811045,7004
    pantry-tree:
      size: 2203
      sha256: 7067593c50ff2e5e83c637ac73009f4bd8f43c29ff256e976bbb14674033abe9
  original:
    hackage: QuickCheck-2.14@sha256:3f536a4b86bef7ec39025f04ef8d76c5ac5a78ba0b42e660b25d0a8f9c811045,7004
snapshots:
- completed:
    size: 533252
    url: https://raw.githubusercontent.com/commercialhaskell/stackage-snapshots/master/lts/16/25.yaml
    sha256: 147598b98bdd95ec0409bac125a4f1bff3cd4f8d73334d283d098f66a4bcc053
  original: lts-16.25
